
Microsoft Visual Studio Solution File, Format Version 12.00
# Visual Studio 14
VisualStudioVersion = 14.0.23107.0
MinimumVisualStudioVersion = 10.0.40219.1
Project("{FAE04EC0-301F-11D3-BF4B-00C04F79EFBC}") = "VrMMOServer", "VrMMOServer\VrMMOServer.csproj", "{804FD00F-A8F1-4386-AA5A-A980C7363564}"
EndProject
Project("{FAE04EC0-301F-11D3-BF4B-00C04F79EFBC}") = "VrMMOServerTests", "UnitTestProject1\VrMMOServerTests.csproj", "{840C9AF0-9EC0-4A5B-8993-FAAA0F0D626B}"
EndProject
Project("{2150E333-8FDC-42A3-9474-1A3956D46DE8}") = "Solution Items", "Solution Items", "{ED95C52E-6C7D-4CD2-A8E1-08272F4CB2AA}"
	ProjectSection(SolutionItems) = preProject
		Performance1.psess = Performance1.psess
	EndProjectSection
EndProject
Global
	GlobalSection(SolutionConfigurationPlatforms) = preSolution
		Debug|Any CPU = Debug|Any CPU
		Release|Any CPU = Release|Any CPU
	EndGlobalSection
	GlobalSection(ProjectConfigurationPlatforms) = postSolution
		{804FD00F-A8F1-4386-AA5A-A980C7363564}.Debug|Any CPU.ActiveCfg = Debug|Any CPU
		{804FD00F-A8F1-4386-AA5A-A980C7363564}.Debug|Any CPU.Build.0 = Debug|Any CPU
		{804FD00F-A8F1-4386-AA5A-A980C7363564}.Release|Any CPU.ActiveCfg = Release|Any CPU
		{804FD00F-A8F1-4386-AA5A-A980C7363564}.Release|Any CPU.Build.0 = Release|Any CPU
		{840C9AF0-9EC0-4A5B-8993-FAAA0F0D626B}.Debug|Any CPU.ActiveCfg = Debug|Any CPU
		{840C9AF0-9EC0-4A5B-8993-FAAA0F0D626B}.Debug|Any CPU.Build.0 = Debug|Any CPU
		{840C9AF0-9EC0-4A5B-8993-FAAA0F0D626B}.Release|Any CPU.ActiveCfg = Release|Any CPU
		{840C9AF0-9EC0-4A5B-8993-FAAA0F0D626B}.Release|Any CPU.Build.0 = Release|Any CPU
	EndGlobalSection
	GlobalSection(SolutionProperties) = preSolution
		HideSolutionNode = FALSE
	EndGlobalSection
EndGlobal
